{"1.2.0",
[{<<"color">>,{pkg,<<"erlang_color">>,<<"1.0.0">>},1},
 {<<"cowboy">>,{pkg,<<"cowboy">>,<<"2.12.0">>},0},
 {<<"cowlib">>,{pkg,<<"cowlib">>,<<"2.13.0">>},1},
 {<<"lfe">>,{pkg,<<"lfe">>,<<"2.2.0">>},0},
 {<<"ltest">>,{pkg,<<"ltest">>,<<"0.13.11">>},0},
 {<<"ranch">>,{pkg,<<"ranch">>,<<"1.8.0">>},1}]}.
[
{pkg_hash,[
 {<<"color">>, <<"145FE1D2E65C4516E4F03FEFCA6C2F47EBAD5899D978D70382A5CFE643E4AC9E">>},
 {<<"cowboy">>, <<"F276D521A1FF88B2B9B4C54D0E753DA6C66DD7BE6C9FCA3D9418B561828A3731">>},
 {<<"cowlib">>, <<"DB8F7505D8332D98EF50A3EF34B34C1AFDDEC7506E4EE4DD4A3A266285D282CA">>},
 {<<"lfe">>, <<"BC64671F39551E05442B51134D35B1A5392E2A7F766881AFC2215FAF1BDB64AA">>},
 {<<"ltest">>, <<"C85C848F178A926935DAF65C975A1289E9B68A5054A4FCD5BF21B3E9BCBC1C41">>},
 {<<"ranch">>, <<"8C7A100A139FD57F17327B6413E4167AC559FBC04CA7448E9BE9057311597A1D">>}]},
{pkg_hash_ext,[
 {<<"color">>, <<"6B17E5E589C8FEF540574C9EA32B67CEC2C8A44283AAFE474D6E5818FB3EE038">>},
 {<<"cowboy">>, <<"8A7ABE6D183372CEB21CAA2709BEC928AB2B72E18A3911AA1771639BEF82651E">>},
 {<<"cowlib">>, <<"E1E1284DC3FC030A64B1AD0D8382AE7E99DA46C3246B815318A4B848873800A4">>},
 {<<"lfe">>, <<"C09223CC0BF3EC120B791371F6AA3F10CD5A1D1FEEB43FB08B3F4A31D6717749">>},
 {<<"ltest">>, <<"4F6271E85FC7FE5C4447D1538CA28D5AD23F201FD915EE053C37C927EB41DAD5">>},
 {<<"ranch">>, <<"49FBCFD3682FAB1F5D109351B61257676DA1A2FDBE295904176D5E521A2DDFE5">>}]}
].
