{"1.2.0",
[{<<"color">>,{pkg,<<"erlang_color">>,<<"1.0.0">>},1},
 {<<"lfe">>,{pkg,<<"lfe">>,<<"2.2.0">>},0},
 {<<"ltest">>,{pkg,<<"ltest">>,<<"0.13.11">>},0}]}.
[
{pkg_hash,[
 {<<"color">>, <<"145FE1D2E65C4516E4F03FEFCA6C2F47EBAD5899D978D70382A5CFE643E4AC9E">>},
 {<<"lfe">>, <<"BC64671F39551E05442B51134D35B1A5392E2A7F766881AFC2215FAF1BDB64AA">>},
 {<<"ltest">>, <<"C85C848F178A926935DAF65C975A1289E9B68A5054A4FCD5BF21B3E9BCBC1C41">>}]},
{pkg_hash_ext,[
 {<<"color">>, <<"6B17E5E589C8FEF540574C9EA32B67CEC2C8A44283AAFE474D6E5818FB3EE038">>},
 {<<"lfe">>, <<"C09223CC0BF3EC120B791371F6AA3F10CD5A1D1FEEB43FB08B3F4A31D6717749">>},
 {<<"ltest">>, <<"4F6271E85FC7FE5C4447D1538CA28D5AD23F201FD915EE053C37C927EB41DAD5">>}]}
].
